
Microsoft Visual Studio Solution File, Format Version 12.00
# Visual Studio 15
VisualStudioVersion = 15.0.28307.489
MinimumVisualStudioVersion = 10.0.40219.1
Project("{FAE04EC0-301F-11D3-BF4B-00C04F79EFBC}") = "MayDay Button", "MayDay Button\MayDay Button.csproj", "{46D2FFA1-264B-4541-90DB-D2F0DD4BDDC5}"
EndProject
Global
	GlobalSection(SolutionConfigurationPlatforms) = preSolution
		Debug|Any CPU = Debug|Any CPU
		Release|Any CPU = Release|Any CPU
	EndGlobalSection
	GlobalSection(ProjectConfigurationPlatforms) = postSolution
		{46D2FFA1-264B-4541-90DB-D2F0DD4BDDC5}.Debug|Any CPU.ActiveCfg = Debug|Any CPU
		{46D2FFA1-264B-4541-90DB-D2F0DD4BDDC5}.Debug|Any CPU.Build.0 = Debug|Any CPU
		{46D2FFA1-264B-4541-90DB-D2F0DD4BDDC5}.Release|Any CPU.ActiveCfg = Release|Any CPU
		{46D2FFA1-264B-4541-90DB-D2F0DD4BDDC5}.Release|Any CPU.Build.0 = Release|Any CPU
	EndGlobalSection
	GlobalSection(SolutionProperties) = preSolution
		HideSolutionNode = FALSE
	EndGlobalSection
	GlobalSection(ExtensibilityGlobals) = postSolution
		SolutionGuid = {E82B6322-6B60-4AB8-B7A1-AD2343948B22}
	EndGlobalSection
EndGlobal
